// !$*UTF8*$!
{
	archiveVersion = 1;
	classes = {
	};
	objectVersion = 56;
	objects = {

/* Begin PBXBuildFile section */
		3403577C2A35D211005220F1 /* PharmacyApp.swift in Sources */ = {isa = PBXBuildFile; fileRef = 3403577B2A35D211005220F1 /* PharmacyApp.swift */; };
		3403577E2A35D211005220F1 /* ContentView.swift in Sources */ = {isa = PBXBuildFile; fileRef = 3403577D2A35D211005220F1 /* ContentView.swift */; };
		340357802A35D213005220F1 /* Assets.xcassets in Resources */ = {isa = PBXBuildFile; fileRef = 3403577F2A35D213005220F1 /* Assets.xcassets */; };
		340357832A35D213005220F1 /* Preview Assets.xcassets in Resources */ = {isa = PBXBuildFile; fileRef = 340357822A35D213005220F1 /* Preview Assets.xcassets */; };
		3403578A2A35D5B7005220F1 /* OTPMobileNumberScreen.swift in Sources */ = {isa = PBXBuildFile; fileRef = 340357892A35D5B7005220F1 /* OTPMobileNumberScreen.swift */; };
		3403578C2A35D5D6005220F1 /* OTPMobileNumberScreenVM.swift in Sources */ = {isa = PBXBuildFile; fileRef = 3403578B2A35D5D6005220F1 /* OTPMobileNumberScreenVM.swift */; };
		340357902A35D640005220F1 /* OTPCodeScreen.swift in Sources */ = {isa = PBXBuildFile; fileRef = 3403578F2A35D640005220F1 /* OTPCodeScreen.swift */; };
		340357962A35DA32005220F1 /* Localizable.strings in Resources */ = {isa = PBXBuildFile; fileRef = 340357982A35DA32005220F1 /* Localizable.strings */; };
		3403579B2A35E90D005220F1 /* ContentViewVM.swift in Sources */ = {isa = PBXBuildFile; fileRef = 3403579A2A35E90D005220F1 /* ContentViewVM.swift */; };
		3403579E2A36027B005220F1 /* iPhoneNumberField in Frameworks */ = {isa = PBXBuildFile; productRef = 3403579D2A36027B005220F1 /* iPhoneNumberField */; };
		340BDAB42A41B4D600F34B66 /* AlamofireManager.swift in Sources */ = {isa = PBXBuildFile; fileRef = 340BDAB32A41B4D600F34B66 /* AlamofireManager.swift */; };
		340BDAB72A41B58800F34B66 /* AlamofireModels.swift in Sources */ = {isa = PBXBuildFile; fileRef = 340BDAB62A41B58800F34B66 /* AlamofireModels.swift */; };
		340BDABA2A41B66800F34B66 /* Constants.swift in Sources */ = {isa = PBXBuildFile; fileRef = 340BDAB92A41B66800F34B66 /* Constants.swift */; };
		341FC7C82A3C80AE00E1FBF5 /* Alamofire in Frameworks */ = {isa = PBXBuildFile; productRef = 341FC7C72A3C80AE00E1FBF5 /* Alamofire */; };
		344731712A41C29F0013B513 /* RegistrationView.swift in Sources */ = {isa = PBXBuildFile; fileRef = 344731702A41C29F0013B513 /* RegistrationView.swift */; };
		348FEFF72A41C99C002CB8D5 /* TabBarNavigationVM.swift in Sources */ = {isa = PBXBuildFile; fileRef = 348FEFF62A41C99C002CB8D5 /* TabBarNavigationVM.swift */; };
		348FEFF92A41C9CC002CB8D5 /* TabBarNavigationView.swift in Sources */ = {isa = PBXBuildFile; fileRef = 348FEFF82A41C9CC002CB8D5 /* TabBarNavigationView.swift */; };
/* End PBXBuildFile section */

/* Begin PBXFileReference section */
		340357782A35D211005220F1 /* Pharmacy.app */ = {isa = PBXFileReference; explicitFileType = wrapper.application; includeInIndex = 0; path = Pharmacy.app; sourceTree = BUILT_PRODUCTS_DIR; };
		3403577B2A35D211005220F1 /* PharmacyApp.swift */ = {isa = PBXFileReference; lastKnownFileType = sourcecode.swift; path = PharmacyApp.swift; sourceTree = "<group>"; };
		3403577D2A35D211005220F1 /* ContentView.swift */ = {isa = PBXFileReference; lastKnownFileType = sourcecode.swift; path = ContentView.swift; sourceTree = "<group>"; };
		3403577F2A35D213005220F1 /* Assets.xcassets */ = {isa = PBXFileReference; lastKnownFileType = folder.assetcatalog; path = Assets.xcassets; sourceTree = "<group>"; };
		340357822A35D213005220F1 /* Preview Assets.xcassets */ = {isa = PBXFileReference; lastKnownFileType = folder.assetcatalog; path = "Preview Assets.xcassets"; sourceTree = "<group>"; };
		340357892A35D5B7005220F1 /* OTPMobileNumberScreen.swift */ = {isa = PBXFileReference; lastKnownFileType = sourcecode.swift; path = OTPMobileNumberScreen.swift; sourceTree = "<group>"; };
		3403578B2A35D5D6005220F1 /* OTPMobileNumberScreenVM.swift */ = {isa = PBXFileReference; lastKnownFileType = sourcecode.swift; path = OTPMobileNumberScreenVM.swift; sourceTree = "<group>"; };
		3403578F2A35D640005220F1 /* OTPCodeScreen.swift */ = {isa = PBXFileReference; lastKnownFileType = sourcecode.swift; path = OTPCodeScreen.swift; sourceTree = "<group>"; };
		340357972A35DA32005220F1 /* ru */ = {isa = PBXFileReference; lastKnownFileType = text.plist.strings; name = ru; path = ru.lproj/Localizable.strings; sourceTree = "<group>"; };
		340357992A35DA6C005220F1 /* en */ = {isa = PBXFileReference; lastKnownFileType = text.plist.strings; name = en; path = en.lproj/Localizable.strings; sourceTree = "<group>"; };
		3403579A2A35E90D005220F1 /* ContentViewVM.swift */ = {isa = PBXFileReference; lastKnownFileType = sourcecode.swift; path = ContentViewVM.swift; sourceTree = "<group>"; };
		340BDAB32A41B4D600F34B66 /* AlamofireManager.swift */ = {isa = PBXFileReference; lastKnownFileType = sourcecode.swift; path = AlamofireManager.swift; sourceTree = "<group>"; };
		340BDAB62A41B58800F34B66 /* AlamofireModels.swift */ = {isa = PBXFileReference; lastKnownFileType = sourcecode.swift; path = AlamofireModels.swift; sourceTree = "<group>"; };
		340BDAB92A41B66800F34B66 /* Constants.swift */ = {isa = PBXFileReference; lastKnownFileType = sourcecode.swift; path = Constants.swift; sourceTree = "<group>"; };
		344731702A41C29F0013B513 /* RegistrationView.swift */ = {isa = PBXFileReference; lastKnownFileType = sourcecode.swift; path = RegistrationView.swift; sourceTree = "<group>"; };
		348FEFF62A41C99C002CB8D5 /* TabBarNavigationVM.swift */ = {isa = PBXFileReference; lastKnownFileType = sourcecode.swift; path = TabBarNavigationVM.swift; sourceTree = "<group>"; };
		348FEFF82A41C9CC002CB8D5 /* TabBarNavigationView.swift */ = {isa = PBXFileReference; lastKnownFileType = sourcecode.swift; path = TabBarNavigationView.swift; sourceTree = "<group>"; };
/* End PBXFileReference section */

/* Begin PBXFrameworksBuildPhase section */
		340357752A35D211005220F1 /* Frameworks */ = {
			isa = PBXFrameworksBuildPhase;
			buildActionMask = 2147483647;
			files = (
				3403579E2A36027B005220F1 /* iPhoneNumberField in Frameworks */,
				341FC7C82A3C80AE00E1FBF5 /* Alamofire in Frameworks */,
			);
			runOnlyForDeploymentPostprocessing = 0;
		};
/* End PBXFrameworksBuildPhase section */

/* Begin PBXGroup section */
		3403576F2A35D211005220F1 = {
			isa = PBXGroup;
			children = (
				3403577A2A35D211005220F1 /* Pharmacy */,
				340357792A35D211005220F1 /* Products */,
			);
			sourceTree = "<group>";
		};
		340357792A35D211005220F1 /* Products */ = {
			isa = PBXGroup;
			children = (
				340357782A35D211005220F1 /* Pharmacy.app */,
			);
			name = Products;
			sourceTree = "<group>";
		};
		3403577A2A35D211005220F1 /* Pharmacy */ = {
			isa = PBXGroup;
			children = (
				340BDAB52A41B4E400F34B66 /* Managers */,
				340BDABB2A41B67100F34B66 /* App */,
				340BDAB82A41B58F00F34B66 /* Model */,
				34CC9F402A3C577A00D7291D /* Views */,
				340357982A35DA32005220F1 /* Localizable.strings */,
				3403577F2A35D213005220F1 /* Assets.xcassets */,
				340357812A35D213005220F1 /* Preview Content */,
			);
			path = Pharmacy;
			sourceTree = "<group>";
		};
		340357812A35D213005220F1 /* Preview Content */ = {
			isa = PBXGroup;
			children = (
				340357822A35D213005220F1 /* Preview Assets.xcassets */,
			);
			path = "Preview Content";
			sourceTree = "<group>";
		};
		3403578D2A35D5E1005220F1 /* OTPMobileNumberScreen */ = {
			isa = PBXGroup;
			children = (
				340357892A35D5B7005220F1 /* OTPMobileNumberScreen.swift */,
				3403578B2A35D5D6005220F1 /* OTPMobileNumberScreenVM.swift */,
			);
			path = OTPMobileNumberScreen;
			sourceTree = "<group>";
		};
		3403578E2A35D5EB005220F1 /* OTPScreens */ = {
			isa = PBXGroup;
			children = (
				3403578D2A35D5E1005220F1 /* OTPMobileNumberScreen */,
				340357932A35D65C005220F1 /* OTPCodeScreen */,
			);
			path = OTPScreens;
			sourceTree = "<group>";
		};
		340357932A35D65C005220F1 /* OTPCodeScreen */ = {
			isa = PBXGroup;
			children = (
				3403578F2A35D640005220F1 /* OTPCodeScreen.swift */,
			);
			path = OTPCodeScreen;
			sourceTree = "<group>";
		};
		340BDAB52A41B4E400F34B66 /* Managers */ = {
			isa = PBXGroup;
			children = (
				340BDAB32A41B4D600F34B66 /* AlamofireManager.swift */,
			);
			path = Managers;
			sourceTree = "<group>";
		};
		340BDAB82A41B58F00F34B66 /* Model */ = {
			isa = PBXGroup;
			children = (
				340BDAB62A41B58800F34B66 /* AlamofireModels.swift */,
			);
			path = Model;
			sourceTree = "<group>";
		};
		340BDABB2A41B67100F34B66 /* App */ = {
			isa = PBXGroup;
			children = (
				3403577B2A35D211005220F1 /* PharmacyApp.swift */,
				340BDAB92A41B66800F34B66 /* Constants.swift */,
			);
			path = App;
			sourceTree = "<group>";
		};
		344731742A41C2BC0013B513 /* RegistrationView */ = {
			isa = PBXGroup;
			children = (
				344731702A41C29F0013B513 /* RegistrationView.swift */,
			);
			path = RegistrationView;
			sourceTree = "<group>";
		};
		348FEFFA2A41C9D2002CB8D5 /* TabBar */ = {
			isa = PBXGroup;
			children = (
				348FEFF62A41C99C002CB8D5 /* TabBarNavigationVM.swift */,
				348FEFF82A41C9CC002CB8D5 /* TabBarNavigationView.swift */,
			);
			path = TabBar;
			sourceTree = "<group>";
		};
		34CC9F3F2A3C576700D7291D /* ContentView */ = {
			isa = PBXGroup;
			children = (
				3403577D2A35D211005220F1 /* ContentView.swift */,
				3403579A2A35E90D005220F1 /* ContentViewVM.swift */,
			);
			path = ContentView;
			sourceTree = "<group>";
		};
		34CC9F402A3C577A00D7291D /* Views */ = {
			isa = PBXGroup;
			children = (
				348FEFFA2A41C9D2002CB8D5 /* TabBar */,
				344731742A41C2BC0013B513 /* RegistrationView */,
				3403578E2A35D5EB005220F1 /* OTPScreens */,
				34CC9F3F2A3C576700D7291D /* ContentView */,
			);
			path = Views;
			sourceTree = "<group>";
		};
/* End PBXGroup section */

/* Begin PBXNativeTarget section */
		340357772A35D211005220F1 /* Pharmacy */ = {
			isa = PBXNativeTarget;
			buildConfigurationList = 340357862A35D213005220F1 /* Build configuration list for PBXNativeTarget "Pharmacy" */;
			buildPhases = (
				340357742A35D211005220F1 /* Sources */,
				340357752A35D211005220F1 /* Frameworks */,
				340357762A35D211005220F1 /* Resources */,
			);
			buildRules = (
			);
			dependencies = (
			);
			name = Pharmacy;
			packageProductDependencies = (
				3403579D2A36027B005220F1 /* iPhoneNumberField */,
				341FC7C72A3C80AE00E1FBF5 /* Alamofire */,
			);
			productName = Pharmacy;
			productReference = 340357782A35D211005220F1 /* Pharmacy.app */;
			productType = "com.apple.product-type.application";
		};
/* End PBXNativeTarget section */

/* Begin PBXProject section */
		340357702A35D211005220F1 /* Project object */ = {
			isa = PBXProject;
			attributes = {
				BuildIndependentTargetsInParallel = 1;
				LastSwiftUpdateCheck = 1430;
				LastUpgradeCheck = 1430;
				TargetAttributes = {
					340357772A35D211005220F1 = {
						CreatedOnToolsVersion = 14.3.1;
					};
				};
			};
			buildConfigurationList = 340357732A35D211005220F1 /* Build configuration list for PBXProject "Pharmacy" */;
			compatibilityVersion = "Xcode 14.0";
			developmentRegion = ru;
			hasScannedForEncodings = 0;
			knownRegions = (
				Base,
				ru,
				en,
			);
			mainGroup = 3403576F2A35D211005220F1;
			packageReferences = (
				3403579C2A36027B005220F1 /* XCRemoteSwiftPackageReference "iPhoneNumberField" */,
				341FC7C62A3C80AE00E1FBF5 /* XCRemoteSwiftPackageReference "Alamofire" */,
			);
			productRefGroup = 340357792A35D211005220F1 /* Products */;
			projectDirPath = "";
			projectRoot = "";
			targets = (
				340357772A35D211005220F1 /* Pharmacy */,
			);
		};
/* End PBXProject section */

/* Begin PBXResourcesBuildPhase section */
		340357762A35D211005220F1 /* Resources */ = {
			isa = PBXResourcesBuildPhase;
			buildActionMask = 2147483647;
			files = (
				340357832A35D213005220F1 /* Preview Assets.xcassets in Resources */,
				340357962A35DA32005220F1 /* Localizable.strings in Resources */,
				340357802A35D213005220F1 /* Assets.xcassets in Resources */,
			);
			runOnlyForDeploymentPostprocessing = 0;
		};
/* End PBXResourcesBuildPhase section */

/* Begin PBXSourcesBuildPhase section */
		340357742A35D211005220F1 /* Sources */ = {
			isa = PBXSourcesBuildPhase;
			buildActionMask = 2147483647;
			files = (
				344731712A41C29F0013B513 /* RegistrationView.swift in Sources */,
				340BDAB72A41B58800F34B66 /* AlamofireModels.swift in Sources */,
				3403577E2A35D211005220F1 /* ContentView.swift in Sources */,
				340357902A35D640005220F1 /* OTPCodeScreen.swift in Sources */,
				3403578A2A35D5B7005220F1 /* OTPMobileNumberScreen.swift in Sources */,
				348FEFF92A41C9CC002CB8D5 /* TabBarNavigationView.swift in Sources */,
				340BDABA2A41B66800F34B66 /* Constants.swift in Sources */,
				340BDAB42A41B4D600F34B66 /* AlamofireManager.swift in Sources */,
				3403579B2A35E90D005220F1 /* ContentViewVM.swift in Sources */,
				3403577C2A35D211005220F1 /* PharmacyApp.swift in Sources */,
				348FEFF72A41C99C002CB8D5 /* TabBarNavigationVM.swift in Sources */,
				3403578C2A35D5D6005220F1 /* OTPMobileNumberScreenVM.swift in Sources */,
			);
			runOnlyForDeploymentPostprocessing = 0;
		};
/* End PBXSourcesBuildPhase section */

/* Begin PBXVariantGroup section */
		340357982A35DA32005220F1 /* Localizable.strings */ = {
			isa = PBXVariantGroup;
			children = (
				340357972A35DA32005220F1 /* ru */,
				340357992A35DA6C005220F1 /* en */,
			);
			name = Localizable.strings;
			sourceTree = "<group>";
		};
/* End PBXVariantGroup section */

/* Begin XCBuildConfiguration section */
		340357842A35D213005220F1 /* Debug */ = {
			isa = XCBuildConfiguration;
			buildSettings = {
				ALWAYS_SEARCH_USER_PATHS = NO;
				CLANG_ANALYZER_LOCALIZABILITY_NONLOCALIZED = YES;
				CLANG_ANALYZER_NONNULL = YES;
				CLANG_ANALYZER_NUMBER_OBJECT_CONVERSION = YES_AGGRESSIVE;
				CLANG_CXX_LANGUAGE_STANDARD = "gnu++20";
				CLANG_ENABLE_MODULES = YES;
				CLANG_ENABLE_OBJC_ARC = YES;
				CLANG_ENABLE_OBJC_WEAK = YES;
				CLANG_WARN_BLOCK_CAPTURE_AUTORELEASING = YES;
				CLANG_WARN_BOOL_CONVERSION = YES;
				CLANG_WARN_COMMA = YES;
				CLANG_WARN_CONSTANT_CONVERSION = YES;
				CLANG_WARN_DEPRECATED_OBJC_IMPLEMENTATIONS = YES;
				CLANG_WARN_DIRECT_OBJC_ISA_USAGE = YES_ERROR;
				CLANG_WARN_DOCUMENTATION_COMMENTS = YES;
				CLANG_WARN_EMPTY_BODY = YES;
				CLANG_WARN_ENUM_CONVERSION = YES;
				CLANG_WARN_INFINITE_RECURSION = YES;
				CLANG_WARN_INT_CONVERSION = YES;
				CLANG_WARN_NON_LITERAL_NULL_CONVERSION = YES;
				CLANG_WARN_OBJC_IMPLICIT_RETAIN_SELF = YES;
				CLANG_WARN_OBJC_LITERAL_CONVERSION = YES;
				CLANG_WARN_OBJC_ROOT_CLASS = YES_ERROR;
				CLANG_WARN_QUOTED_INCLUDE_IN_FRAMEWORK_HEADER = YES;
				CLANG_WARN_RANGE_LOOP_ANALYSIS = YES;
				CLANG_WARN_STRICT_PROTOTYPES = YES;
				CLANG_WARN_SUSPICIOUS_MOVE = YES;
				CLANG_WARN_UNGUARDED_AVAILABILITY = YES_AGGRESSIVE;
				CLANG_WARN_UNREACHABLE_CODE = YES;
				CLANG_WARN__DUPLICATE_METHOD_MATCH = YES;
				COPY_PHASE_STRIP = NO;
				DEBUG_INFORMATION_FORMAT = dwarf;
				ENABLE_STRICT_OBJC_MSGSEND = YES;
				ENABLE_TESTABILITY = YES;
				GCC_C_LANGUAGE_STANDARD = gnu11;
				GCC_DYNAMIC_NO_PIC = NO;
				GCC_NO_COMMON_BLOCKS = YES;
				GCC_OPTIMIZATION_LEVEL = 0;
				GCC_PREPROCESSOR_DEFINITIONS = (
					"DEBUG=1",
					"$(inherited)",
				);
				GCC_WARN_64_TO_32_BIT_CONVERSION = YES;
				GCC_WARN_ABOUT_RETURN_TYPE = YES_ERROR;
				GCC_WARN_UNDECLARED_SELECTOR = YES;
				GCC_WARN_UNINITIALIZED_AUTOS = YES_AGGRESSIVE;
				GCC_WARN_UNUSED_FUNCTION = YES;
				GCC_WARN_UNUSED_VARIABLE = YES;
				IPHONEOS_DEPLOYMENT_TARGET = 16.4;
				MTL_ENABLE_DEBUG_INFO = INCLUDE_SOURCE;
				MTL_FAST_MATH = YES;
				ONLY_ACTIVE_ARCH = YES;
				SDKROOT = iphoneos;
				SWIFT_ACTIVE_COMPILATION_CONDITIONS = DEBUG;
				SWIFT_OPTIMIZATION_LEVEL = "-Onone";
			};
			name = Debug;
		};
		340357852A35D213005220F1 /* Release */ = {
			isa = XCBuildConfiguration;
			buildSettings = {
				ALWAYS_SEARCH_USER_PATHS = NO;
				CLANG_ANALYZER_LOCALIZABILITY_NONLOCALIZED = YES;
				CLANG_ANALYZER_NONNULL = YES;
				CLANG_ANALYZER_NUMBER_OBJECT_CONVERSION = YES_AGGRESSIVE;
				CLANG_CXX_LANGUAGE_STANDARD = "gnu++20";
				CLANG_ENABLE_MODULES = YES;
				CLANG_ENABLE_OBJC_ARC = YES;
				CLANG_ENABLE_OBJC_WEAK = YES;
				CLANG_WARN_BLOCK_CAPTURE_AUTORELEASING = YES;
				CLANG_WARN_BOOL_CONVERSION = YES;
				CLANG_WARN_COMMA = YES;
				CLANG_WARN_CONSTANT_CONVERSION = YES;
				CLANG_WARN_DEPRECATED_OBJC_IMPLEMENTATIONS = YES;
				CLANG_WARN_DIRECT_OBJC_ISA_USAGE = YES_ERROR;
				CLANG_WARN_DOCUMENTATION_COMMENTS = YES;
				CLANG_WARN_EMPTY_BODY = YES;
				CLANG_WARN_ENUM_CONVERSION = YES;
				CLANG_WARN_INFINITE_RECURSION = YES;
				CLANG_WARN_INT_CONVERSION = YES;
				CLANG_WARN_NON_LITERAL_NULL_CONVERSION = YES;
				CLANG_WARN_OBJC_IMPLICIT_RETAIN_SELF = YES;
				CLANG_WARN_OBJC_LITERAL_CONVERSION = YES;
				CLANG_WARN_OBJC_ROOT_CLASS = YES_ERROR;
				CLANG_WARN_QUOTED_INCLUDE_IN_FRAMEWORK_HEADER = YES;
				CLANG_WARN_RANGE_LOOP_ANALYSIS = YES;
				CLANG_WARN_STRICT_PROTOTYPES = YES;
				CLANG_WARN_SUSPICIOUS_MOVE = YES;
				CLANG_WARN_UNGUARDED_AVAILABILITY = YES_AGGRESSIVE;
				CLANG_WARN_UNREACHABLE_CODE = YES;
				CLANG_WARN__DUPLICATE_METHOD_MATCH = YES;
				COPY_PHASE_STRIP = NO;
				DEBUG_INFORMATION_FORMAT = "dwarf-with-dsym";
				ENABLE_NS_ASSERTIONS = NO;
				ENABLE_STRICT_OBJC_MSGSEND = YES;
				GCC_C_LANGUAGE_STANDARD = gnu11;
				GCC_NO_COMMON_BLOCKS = YES;
				GCC_WARN_64_TO_32_BIT_CONVERSION = YES;
				GCC_WARN_ABOUT_RETURN_TYPE = YES_ERROR;
				GCC_WARN_UNDECLARED_SELECTOR = YES;
				GCC_WARN_UNINITIALIZED_AUTOS = YES_AGGRESSIVE;
				GCC_WARN_UNUSED_FUNCTION = YES;
				GCC_WARN_UNUSED_VARIABLE = YES;
				IPHONEOS_DEPLOYMENT_TARGET = 16.4;
				MTL_ENABLE_DEBUG_INFO = NO;
				MTL_FAST_MATH = YES;
				SDKROOT = iphoneos;
				SWIFT_COMPILATION_MODE = wholemodule;
				SWIFT_OPTIMIZATION_LEVEL = "-O";
				VALIDATE_PRODUCT = YES;
			};
			name = Release;
		};
		340357872A35D213005220F1 /* Debug */ = {
			isa = XCBuildConfiguration;
			buildSettings = {
				ASSETCATALOG_COMPILER_APPICON_NAME = AppIcon;
				ASSETCATALOG_COMPILER_GLOBAL_ACCENT_COLOR_NAME = AccentColor;
				CODE_SIGN_STYLE = Automatic;
				CURRENT_PROJECT_VERSION = 1;
				DEVELOPMENT_ASSET_PATHS = "\"Pharmacy/Preview Content\"";
				DEVELOPMENT_TEAM = 268KCE48W3;
				ENABLE_PREVIEWS = YES;
				GENERATE_INFOPLIST_FILE = YES;
				INFOPLIST_KEY_UIApplicationSceneManifest_Generation = YES;
				INFOPLIST_KEY_UIApplicationSupportsIndirectInputEvents = YES;
				INFOPLIST_KEY_UILaunchScreen_Generation = YES;
				INFOPLIST_KEY_UISupportedInterfaceOrientations_iPad = "UIInterfaceOrientationPortrait UIInterfaceOrientationPortraitUpsideDown UIInterfaceOrientationLandscapeLeft UIInterfaceOrientationLandscapeRight";
				INFOPLIST_KEY_UISupportedInterfaceOrientations_iPhone = "UIInterfaceOrientationPortrait UIInterfaceOrientationLandscapeLeft UIInterfaceOrientationLandscapeRight";
				LD_RUNPATH_SEARCH_PATHS = (
					"$(inherited)",
					"@executable_path/Frameworks",
				);
				MARKETING_VERSION = 1.0;
				PRODUCT_BUNDLE_IDENTIFIER = com.aap.Pharmacy;
				PRODUCT_NAME = "$(TARGET_NAME)";
				SWIFT_EMIT_LOC_STRINGS = YES;
				SWIFT_VERSION = 5.0;
				TARGETED_DEVICE_FAMILY = "1,2";
			};
			name = Debug;
		};
		340357882A35D213005220F1 /* Release */ = {
			isa = XCBuildConfiguration;
			buildSettings = {
				ASSETCATALOG_COMPILER_APPICON_NAME = AppIcon;
				ASSETCATALOG_COMPILER_GLOBAL_ACCENT_COLOR_NAME = AccentColor;
				CODE_SIGN_STYLE = Automatic;
				CURRENT_PROJECT_VERSION = 1;
				DEVELOPMENT_ASSET_PATHS = "\"Pharmacy/Preview Content\"";
				DEVELOPMENT_TEAM = 268KCE48W3;
				ENABLE_PREVIEWS = YES;
				GENERATE_INFOPLIST_FILE = YES;
				INFOPLIST_KEY_UIApplicationSceneManifest_Generation = YES;
				INFOPLIST_KEY_UIApplicationSupportsIndirectInputEvents = YES;
				INFOPLIST_KEY_UILaunchScreen_Generation = YES;
				INFOPLIST_KEY_UISupportedInterfaceOrientations_iPad = "UIInterfaceOrientationPortrait UIInterfaceOrientationPortraitUpsideDown UIInterfaceOrientationLandscapeLeft UIInterfaceOrientationLandscapeRight";
				INFOPLIST_KEY_UISupportedInterfaceOrientations_iPhone = "UIInterfaceOrientationPortrait UIInterfaceOrientationLandscapeLeft UIInterfaceOrientationLandscapeRight";
				LD_RUNPATH_SEARCH_PATHS = (
					"$(inherited)",
					"@executable_path/Frameworks",
				);
				MARKETING_VERSION = 1.0;
				PRODUCT_BUNDLE_IDENTIFIER = com.aap.Pharmacy;
				PRODUCT_NAME = "$(TARGET_NAME)";
				SWIFT_EMIT_LOC_STRINGS = YES;
				SWIFT_VERSION = 5.0;
				TARGETED_DEVICE_FAMILY = "1,2";
			};
			name = Release;
		};
/* End XCBuildConfiguration section */

/* Begin XCConfigurationList section */
		340357732A35D211005220F1 /* Build configuration list for PBXProject "Pharmacy" */ = {
			isa = XCConfigurationList;
			buildConfigurations = (
				340357842A35D213005220F1 /* Debug */,
				340357852A35D213005220F1 /* Release */,
			);
			defaultConfigurationIsVisible = 0;
			defaultConfigurationName = Release;
		};
		340357862A35D213005220F1 /* Build configuration list for PBXNativeTarget "Pharmacy" */ = {
			isa = XCConfigurationList;
			buildConfigurations = (
				340357872A35D213005220F1 /* Debug */,
				340357882A35D213005220F1 /* Release */,
			);
			defaultConfigurationIsVisible = 0;
			defaultConfigurationName = Release;
		};
/* End XCConfigurationList section */

/* Begin XCRemoteSwiftPackageReference section */
		3403579C2A36027B005220F1 /* XCRemoteSwiftPackageReference "iPhoneNumberField" */ = {
			isa = XCRemoteSwiftPackageReference;
			repositoryURL = "https://github.com/MojtabaHs/iPhoneNumberField.git";
			requirement = {
				kind = upToNextMajorVersion;
				minimumVersion = 0.10.1;
			};
		};
		341FC7C62A3C80AE00E1FBF5 /* XCRemoteSwiftPackageReference "Alamofire" */ = {
			isa = XCRemoteSwiftPackageReference;
			repositoryURL = "https://github.com/Alamofire/Alamofire.git";
			requirement = {
				kind = upToNextMajorVersion;
				minimumVersion = 5.0.0;
			};
		};
/* End XCRemoteSwiftPackageReference section */

/* Begin XCSwiftPackageProductDependency section */
		3403579D2A36027B005220F1 /* iPhoneNumberField */ = {
			isa = XCSwiftPackageProductDependency;
			package = 3403579C2A36027B005220F1 /* XCRemoteSwiftPackageReference "iPhoneNumberField" */;
			productName = iPhoneNumberField;
		};
		341FC7C72A3C80AE00E1FBF5 /* Alamofire */ = {
			isa = XCSwiftPackageProductDependency;
			package = 341FC7C62A3C80AE00E1FBF5 /* XCRemoteSwiftPackageReference "Alamofire" */;
			productName = Alamofire;
		};
/* End XCSwiftPackageProductDependency section */
	};
	rootObject = 340357702A35D211005220F1 /* Project object */;
}
